{
  "object": {
    "pins": [
      {
        "package": "Nimble",
        "repositoryURL": "https://github.com/Quick/Nimble",
        "state": {
          "branch": null,
          "revision": "7a46a5fc86cb917f69e3daf79fcb045283d8f008",
          "version": "8.1.2"
        }
      },
      {
        "package": "Quick",
        "repositoryURL": "https://github.com/Quick/Quick",
        "state": {
          "branch": null,
          "revision": "09b3becb37cb2163919a3842a4c5fa6ec7130792",
          "version": "2.2.1"
        }
      },
      {
        "package": "Resolver",
        "repositoryURL": "https://github.com/burnsra/Resolver",
        "state": {
          "branch": null,
          "revision": "5d08fd52822d1f9217019ae8867e78daa48f667c",
          "version": "0.3.0"
        }
      }
    ]
  },
  "version": 1
}
